
Microsoft Visual Studio Solution File, Format Version 12.00
# Visual Studio Version 16
VisualStudioVersion = 16.0.29424.173
MinimumVisualStudioVersion = 10.0.40219.1
Project("{9A19103F-16F7-4668-BE54-9A1E7A4F7556}") = "Language", "src\Language\Language.csproj", "{1B28DABD-1F4E-4CD4-B536-0AD1BAF064F1}"
EndProject
Project("{9A19103F-16F7-4668-BE54-9A1E7A4F7556}") = "Application", "src\Application\Application.csproj", "{C7D2CC5F-EE90-4665-8DBB-0335E1DAD309}"
EndProject
Project("{9A19103F-16F7-4668-BE54-9A1E7A4F7556}") = "Domain", "src\Domain\Domain.csproj", "{FB46A17B-1BF4-43BE-91E4-1932192BE001}"
EndProject
Project("{9A19103F-16F7-4668-BE54-9A1E7A4F7556}") = "Infrastructure", "src\Infrastructure\Infrastructure.csproj", "{592CE12C-FA9F-4EA0-A51A-27C4F33122D1}"
EndProject
Project("{E53339B2-1760-4266-BCC7-CA923CBCF16C}") = "docker-compose", "docker-compose.dcproj", "{B29DB071-C69D-41E7-8084-1CF7F06D9920}"
EndProject
Project("{FAE04EC0-301F-11D3-BF4B-00C04F79EFBC}") = "Presentation", "src\Presentation\Presentation.csproj", "{D04EFF4C-9142-4B4A-9DE7-9C5C0F9CD089}"
EndProject
Global
	GlobalSection(SolutionConfigurationPlatforms) = preSolution
		Debug|Any CPU = Debug|Any CPU
		Release|Any CPU = Release|Any CPU
	EndGlobalSection
	GlobalSection(ProjectConfigurationPlatforms) = postSolution
		{1B28DABD-1F4E-4CD4-B536-0AD1BAF064F1}.Debug|Any CPU.ActiveCfg = Debug|Any CPU
		{1B28DABD-1F4E-4CD4-B536-0AD1BAF064F1}.Debug|Any CPU.Build.0 = Debug|Any CPU
		{1B28DABD-1F4E-4CD4-B536-0AD1BAF064F1}.Release|Any CPU.ActiveCfg = Release|Any CPU
		{1B28DABD-1F4E-4CD4-B536-0AD1BAF064F1}.Release|Any CPU.Build.0 = Release|Any CPU
		{C7D2CC5F-EE90-4665-8DBB-0335E1DAD309}.Debug|Any CPU.ActiveCfg = Debug|Any CPU
		{C7D2CC5F-EE90-4665-8DBB-0335E1DAD309}.Debug|Any CPU.Build.0 = Debug|Any CPU
		{C7D2CC5F-EE90-4665-8DBB-0335E1DAD309}.Release|Any CPU.ActiveCfg = Release|Any CPU
		{C7D2CC5F-EE90-4665-8DBB-0335E1DAD309}.Release|Any CPU.Build.0 = Release|Any CPU
		{FB46A17B-1BF4-43BE-91E4-1932192BE001}.Debug|Any CPU.ActiveCfg = Debug|Any CPU
		{FB46A17B-1BF4-43BE-91E4-1932192BE001}.Debug|Any CPU.Build.0 = Debug|Any CPU
		{FB46A17B-1BF4-43BE-91E4-1932192BE001}.Release|Any CPU.ActiveCfg = Release|Any CPU
		{FB46A17B-1BF4-43BE-91E4-1932192BE001}.Release|Any CPU.Build.0 = Release|Any CPU
		{592CE12C-FA9F-4EA0-A51A-27C4F33122D1}.Debug|Any CPU.ActiveCfg = Debug|Any CPU
		{592CE12C-FA9F-4EA0-A51A-27C4F33122D1}.Debug|Any CPU.Build.0 = Debug|Any CPU
		{592CE12C-FA9F-4EA0-A51A-27C4F33122D1}.Release|Any CPU.ActiveCfg = Release|Any CPU
		{592CE12C-FA9F-4EA0-A51A-27C4F33122D1}.Release|Any CPU.Build.0 = Release|Any CPU
		{B29DB071-C69D-41E7-8084-1CF7F06D9920}.Debug|Any CPU.ActiveCfg = Debug|Any CPU
		{B29DB071-C69D-41E7-8084-1CF7F06D9920}.Debug|Any CPU.Build.0 = Debug|Any CPU
		{B29DB071-C69D-41E7-8084-1CF7F06D9920}.Release|Any CPU.ActiveCfg = Release|Any CPU
		{B29DB071-C69D-41E7-8084-1CF7F06D9920}.Release|Any CPU.Build.0 = Release|Any CPU
		{D04EFF4C-9142-4B4A-9DE7-9C5C0F9CD089}.Debug|Any CPU.ActiveCfg = Debug|Any CPU
		{D04EFF4C-9142-4B4A-9DE7-9C5C0F9CD089}.Debug|Any CPU.Build.0 = Debug|Any CPU
		{D04EFF4C-9142-4B4A-9DE7-9C5C0F9CD089}.Release|Any CPU.ActiveCfg = Release|Any CPU
		{D04EFF4C-9142-4B4A-9DE7-9C5C0F9CD089}.Release|Any CPU.Build.0 = Release|Any CPU
	EndGlobalSection
	GlobalSection(SolutionProperties) = preSolution
		HideSolutionNode = FALSE
	EndGlobalSection
	GlobalSection(ExtensibilityGlobals) = postSolution
		SolutionGuid = {4E0FE21F-D8B6-4D1E-85B5-9B2A2EFBEDAE}
	EndGlobalSection
EndGlobal
